// !$*UTF8*$!
{
	archiveVersion = 1;
	classes = {
	};
	objectVersion = 77;
	objects = {

/* Begin PBXContainerItemProxy section */
		6C6ACB012CC7F0D60060CB2D /* PBXContainerItemProxy */ = {
			isa = PBXContainerItemProxy;
			containerPortal = 6C6ACAE82CC7F0D40060CB2D /* Project object */;
			proxyType = 1;
			remoteGlobalIDString = 6C6ACAEF2CC7F0D40060CB2D;
			remoteInfo = SwiftUIProject;
		};
		6C6ACB0B2CC7F0D60060CB2D /* PBXContainerItemProxy */ = {
			isa = PBXContainerItemProxy;
			containerPortal = 6C6ACAE82CC7F0D40060CB2D /* Project object */;
			proxyType = 1;
			remoteGlobalIDString = 6C6ACAEF2CC7F0D40060CB2D;
			remoteInfo = SwiftUIProject;
		};
/* End PBXContainerItemProxy section */

/* Begin PBXFileReference section */
		6C6ACAF02CC7F0D40060CB2D /* SwiftUIProject.app */ = {isa = PBXFileReference; explicitFileType = wrapper.application; includeInIndex = 0; path = SwiftUIProject.app; sourceTree = BUILT_PRODUCTS_DIR; };
		6C6ACB002CC7F0D60060CB2D /* SwiftUIProjectTests.xctest */ = {isa = PBXFileReference; explicitFileType = wrapper.cfbundle; includeInIndex = 0; path = SwiftUIProjectTests.xctest; sourceTree = BUILT_PRODUCTS_DIR; };
		6C6ACB0A2CC7F0D60060CB2D /* SwiftUIProjectUITests.xctest */ = {isa = PBXFileReference; explicitFileType = wrapper.cfbundle; includeInIndex = 0; path = SwiftUIProjectUITests.xctest; sourceTree = BUILT_PRODUCTS_DIR; };
/* End PBXFileReference section */

/* Begin PBXFileSystemSynchronizedRootGroup section */
		6C6ACAF22CC7F0D40060CB2D /* SwiftUIProject */ = {
			isa = PBXFileSystemSynchronizedRootGroup;
			path = SwiftUIProject;
			sourceTree = "<group>";
		};
		6C6ACB032CC7F0D60060CB2D /* SwiftUIProjectTests */ = {
			isa = PBXFileSystemSynchronizedRootGroup;
			path = SwiftUIProjectTests;
			sourceTree = "<group>";
		};
		6C6ACB0D2CC7F0D60060CB2D /* SwiftUIProjectUITests */ = {
			isa = PBXFileSystemSynchronizedRootGroup;
			path = SwiftUIProjectUITests;
			sourceTree = "<group>";
		};
/* End PBXFileSystemSynchronizedRootGroup section */

/* Begin PBXFrameworksBuildPhase section */
		6C6ACAED2CC7F0D40060CB2D /* Frameworks */ = {
			isa = PBXFrameworksBuildPhase;
			buildActionMask = 2147483647;
			files = (
			);
			runOnlyForDeploymentPostprocessing = 0;
		};
		6C6ACAFD2CC7F0D60060CB2D /* Frameworks */ = {
			isa = PBXFrameworksBuildPhase;
			buildActionMask = 2147483647;
			files = (
			);
			runOnlyForDeploymentPostprocessing = 0;
		};
		6C6ACB072CC7F0D60060CB2D /* Frameworks */ = {
			isa = PBXFrameworksBuildPhase;
			buildActionMask = 2147483647;
			files = (
			);
			runOnlyForDeploymentPostprocessing = 0;
		};
/* End PBXFrameworksBuildPhase section */

/* Begin PBXGroup section */
		6C6ACAE72CC7F0D40060CB2D = {
			isa = PBXGroup;
			children = (
				6C6ACB1F2CC7F2890060CB2D /* Views */,
				6C6ACB1E2CC7F2770060CB2D /* ViewModel */,
				6C6ACB1D2CC7F2560060CB2D /* Model */,
				6C6ACAF22CC7F0D40060CB2D /* SwiftUIProject */,
				6C6ACB032CC7F0D60060CB2D /* SwiftUIProjectTests */,
				6C6ACB0D2CC7F0D60060CB2D /* SwiftUIProjectUITests */,
				6C6ACAF12CC7F0D40060CB2D /* Products */,
			);
			sourceTree = "<group>";
		};
		6C6ACAF12CC7F0D40060CB2D /* Products */ = {
			isa = PBXGroup;
			children = (
				6C6ACAF02CC7F0D40060CB2D /* SwiftUIProject.app */,
				6C6ACB002CC7F0D60060CB2D /* SwiftUIProjectTests.xctest */,
				6C6ACB0A2CC7F0D60060CB2D /* SwiftUIProjectUITests.xctest */,
			);
			name = Products;
			sourceTree = "<group>";
		};
		6C6ACB1D2CC7F2560060CB2D /* Model */ = {
			isa = PBXGroup;
			children = (
			);
			path = Model;
			sourceTree = "<group>";
		};
		6C6ACB1E2CC7F2770060CB2D /* ViewModel */ = {
			isa = PBXGroup;
			children = (
			);
			path = ViewModel;
			sourceTree = "<group>";
		};
		6C6ACB1F2CC7F2890060CB2D /* Views */ = {
			isa = PBXGroup;
			children = (
			);
			path = Views;
			sourceTree = "<group>";
		};
/* End PBXGroup section */

/* Begin PBXNativeTarget section */
		6C6ACAEF2CC7F0D40060CB2D /* SwiftUIProject */ = {
			isa = PBXNativeTarget;
			buildConfigurationList = 6C6ACB142CC7F0D60060CB2D /* Build configuration list for PBXNativeTarget "SwiftUIProject" */;
			buildPhases = (
				6C6ACAEC2CC7F0D40060CB2D /* Sources */,
				6C6ACAED2CC7F0D40060CB2D /* Frameworks */,
				6C6ACAEE2CC7F0D40060CB2D /* Resources */,
			);
			buildRules = (
			);
			dependencies = (
			);
			fileSystemSynchronizedGroups = (
				6C6ACAF22CC7F0D40060CB2D /* SwiftUIProject */,
			);
			name = SwiftUIProject;
			packageProductDependencies = (
			);
			productName = SwiftUIProject;
			productReference = 6C6ACAF02CC7F0D40060CB2D /* SwiftUIProject.app */;
			productType = "com.apple.product-type.application";
		};
		6C6ACAFF2CC7F0D60060CB2D /* SwiftUIProjectTests */ = {
			isa = PBXNativeTarget;
			buildConfigurationList = 6C6ACB172CC7F0D60060CB2D /* Build configuration list for PBXNativeTarget "SwiftUIProjectTests" */;
			buildPhases = (
				6C6ACAFC2CC7F0D60060CB2D /* Sources */,
				6C6ACAFD2CC7F0D60060CB2D /* Frameworks */,
				6C6ACAFE2CC7F0D60060CB2D /* Resources */,
			);
			buildRules = (
			);
			dependencies = (
				6C6ACB022CC7F0D60060CB2D /* PBXTargetDependency */,
			);
			fileSystemSynchronizedGroups = (
				6C6ACB032CC7F0D60060CB2D /* SwiftUIProjectTests */,
			);
			name = SwiftUIProjectTests;
			packageProductDependencies = (
			);
			productName = SwiftUIProjectTests;
			productReference = 6C6ACB002CC7F0D60060CB2D /* SwiftUIProjectTests.xctest */;
			productType = "com.apple.product-type.bundle.unit-test";
		};
		6C6ACB092CC7F0D60060CB2D /* SwiftUIProjectUITests */ = {
			isa = PBXNativeTarget;
			buildConfigurationList = 6C6ACB1A2CC7F0D60060CB2D /* Build configuration list for PBXNativeTarget "SwiftUIProjectUITests" */;
			buildPhases = (
				6C6ACB062CC7F0D60060CB2D /* Sources */,
				6C6ACB072CC7F0D60060CB2D /* Frameworks */,
				6C6ACB082CC7F0D60060CB2D /* Resources */,
			);
			buildRules = (
			);
			dependencies = (
				6C6ACB0C2CC7F0D60060CB2D /* PBXTargetDependency */,
			);
			fileSystemSynchronizedGroups = (
				6C6ACB0D2CC7F0D60060CB2D /* SwiftUIProjectUITests */,
			);
			name = SwiftUIProjectUITests;
			packageProductDependencies = (
			);
			productName = SwiftUIProjectUITests;
			productReference = 6C6ACB0A2CC7F0D60060CB2D /* SwiftUIProjectUITests.xctest */;
			productType = "com.apple.product-type.bundle.ui-testing";
		};
/* End PBXNativeTarget section */

/* Begin PBXProject section */
		6C6ACAE82CC7F0D40060CB2D /* Project object */ = {
			isa = PBXProject;
			attributes = {
				BuildIndependentTargetsInParallel = 1;
				LastSwiftUpdateCheck = 1600;
				LastUpgradeCheck = 1600;
				TargetAttributes = {
					6C6ACAEF2CC7F0D40060CB2D = {
						CreatedOnToolsVersion = 16.0;
					};
					6C6ACAFF2CC7F0D60060CB2D = {
						CreatedOnToolsVersion = 16.0;
						TestTargetID = 6C6ACAEF2CC7F0D40060CB2D;
					};
					6C6ACB092CC7F0D60060CB2D = {
						CreatedOnToolsVersion = 16.0;
						TestTargetID = 6C6ACAEF2CC7F0D40060CB2D;
					};
				};
			};
			buildConfigurationList = 6C6ACAEB2CC7F0D40060CB2D /* Build configuration list for PBXProject "SwiftUIProject" */;
			developmentRegion = en;
			hasScannedForEncodings = 0;
			knownRegions = (
				en,
				Base,
			);
			mainGroup = 6C6ACAE72CC7F0D40060CB2D;
			minimizedProjectReferenceProxies = 1;
			preferredProjectObjectVersion = 77;
			productRefGroup = 6C6ACAF12CC7F0D40060CB2D /* Products */;
			projectDirPath = "";
			projectRoot = "";
			targets = (
				6C6ACAEF2CC7F0D40060CB2D /* SwiftUIProject */,
				6C6ACAFF2CC7F0D60060CB2D /* SwiftUIProjectTests */,
				6C6ACB092CC7F0D60060CB2D /* SwiftUIProjectUITests */,
			);
		};
/* End PBXProject section */

/* Begin PBXResourcesBuildPhase section */
		6C6ACAEE2CC7F0D40060CB2D /* Resources */ = {
			isa = PBXResourcesBuildPhase;
			buildActionMask = 2147483647;
			files = (
			);
			runOnlyForDeploymentPostprocessing = 0;
		};
		6C6ACAFE2CC7F0D60060CB2D /* Resources */ = {
			isa = PBXResourcesBuildPhase;
			buildActionMask = 2147483647;
			files = (
			);
			runOnlyForDeploymentPostprocessing = 0;
		};
		6C6ACB082CC7F0D60060CB2D /* Resources */ = {
			isa = PBXResourcesBuildPhase;
			buildActionMask = 2147483647;
			files = (
			);
			runOnlyForDeploymentPostprocessing = 0;
		};
/* End PBXResourcesBuildPhase section */

/* Begin PBXSourcesBuildPhase section */
		6C6ACAEC2CC7F0D40060CB2D /* Sources */ = {
			isa = PBXSourcesBuildPhase;
			buildActionMask = 2147483647;
			files = (
			);
			runOnlyForDeploymentPostprocessing = 0;
		};
		6C6ACAFC2CC7F0D60060CB2D /* Sources */ = {
			isa = PBXSourcesBuildPhase;
			buildActionMask = 2147483647;
			files = (
			);
			runOnlyForDeploymentPostprocessing = 0;
		};
		6C6ACB062CC7F0D60060CB2D /* Sources */ = {
			isa = PBXSourcesBuildPhase;
			buildActionMask = 2147483647;
			files = (
			);
			runOnlyForDeploymentPostprocessing = 0;
		};
/* End PBXSourcesBuildPhase section */

/* Begin PBXTargetDependency section */
		6C6ACB022CC7F0D60060CB2D /* PBXTargetDependency */ = {
			isa = PBXTargetDependency;
			target = 6C6ACAEF2CC7F0D40060CB2D /* SwiftUIProject */;
			targetProxy = 6C6ACB012CC7F0D60060CB2D /* PBXContainerItemProxy */;
		};
		6C6ACB0C2CC7F0D60060CB2D /* PBXTargetDependency */ = {
			isa = PBXTargetDependency;
			target = 6C6ACAEF2CC7F0D40060CB2D /* SwiftUIProject */;
			targetProxy = 6C6ACB0B2CC7F0D60060CB2D /* PBXContainerItemProxy */;
		};
/* End PBXTargetDependency section */

/* Begin XCBuildConfiguration section */
		6C6ACB122CC7F0D60060CB2D /* Debug */ = {
			isa = XCBuildConfiguration;
			buildSettings = {
				ALWAYS_SEARCH_USER_PATHS = NO;
				ASSETCATALOG_COMPILER_GENERATE_SWIFT_ASSET_SYMBOL_EXTENSIONS = YES;
				CLANG_ANALYZER_NONNULL = YES;
				CLANG_ANALYZER_NUMBER_OBJECT_CONVERSION = YES_AGGRESSIVE;
				CLANG_CXX_LANGUAGE_STANDARD = "gnu++20";
				CLANG_ENABLE_MODULES = YES;
				CLANG_ENABLE_OBJC_ARC = YES;
				CLANG_ENABLE_OBJC_WEAK = YES;
				CLANG_WARN_BLOCK_CAPTURE_AUTORELEASING = YES;
				CLANG_WARN_BOOL_CONVERSION = YES;
				CLANG_WARN_COMMA = YES;
				CLANG_WARN_CONSTANT_CONVERSION = YES;
				CLANG_WARN_DEPRECATED_OBJC_IMPLEMENTATIONS = YES;
				CLANG_WARN_DIRECT_OBJC_ISA_USAGE = YES_ERROR;
				CLANG_WARN_DOCUMENTATION_COMMENTS = YES;
				CLANG_WARN_EMPTY_BODY = YES;
				CLANG_WARN_ENUM_CONVERSION = YES;
				CLANG_WARN_INFINITE_RECURSION = YES;
				CLANG_WARN_INT_CONVERSION = YES;
				CLANG_WARN_NON_LITERAL_NULL_CONVERSION = YES;
				CLANG_WARN_OBJC_IMPLICIT_RETAIN_SELF = YES;
				CLANG_WARN_OBJC_LITERAL_CONVERSION = YES;
				CLANG_WARN_OBJC_ROOT_CLASS = YES_ERROR;
				CLANG_WARN_QUOTED_INCLUDE_IN_FRAMEWORK_HEADER = YES;
				CLANG_WARN_RANGE_LOOP_ANALYSIS = YES;
				CLANG_WARN_STRICT_PROTOTYPES = YES;
				CLANG_WARN_SUSPICIOUS_MOVE = YES;
				CLANG_WARN_UNGUARDED_AVAILABILITY = YES_AGGRESSIVE;
				CLANG_WARN_UNREACHABLE_CODE = YES;
				CLANG_WARN__DUPLICATE_METHOD_MATCH = YES;
				COPY_PHASE_STRIP = NO;
				DEBUG_INFORMATION_FORMAT = dwarf;
				ENABLE_STRICT_OBJC_MSGSEND = YES;
				ENABLE_TESTABILITY = YES;
				ENABLE_USER_SCRIPT_SANDBOXING = YES;
				GCC_C_LANGUAGE_STANDARD = gnu17;
				GCC_DYNAMIC_NO_PIC = NO;
				GCC_NO_COMMON_BLOCKS = YES;
				GCC_OPTIMIZATION_LEVEL = 0;
				GCC_PREPROCESSOR_DEFINITIONS = (
					"DEBUG=1",
					"$(inherited)",
				);
				GCC_WARN_64_TO_32_BIT_CONVERSION = YES;
				GCC_WARN_ABOUT_RETURN_TYPE = YES_ERROR;
				GCC_WARN_UNDECLARED_SELECTOR = YES;
				GCC_WARN_UNINITIALIZED_AUTOS = YES_AGGRESSIVE;
				GCC_WARN_UNUSED_FUNCTION = YES;
				GCC_WARN_UNUSED_VARIABLE = YES;
				IPHONEOS_DEPLOYMENT_TARGET = 18.0;
				LOCALIZATION_PREFERS_STRING_CATALOGS = YES;
				MTL_ENABLE_DEBUG_INFO = INCLUDE_SOURCE;
				MTL_FAST_MATH = YES;
				ONLY_ACTIVE_ARCH = YES;
				SDKROOT = iphoneos;
				SWIFT_ACTIVE_COMPILATION_CONDITIONS = "DEBUG $(inherited)";
				SWIFT_OPTIMIZATION_LEVEL = "-Onone";
			};
			name = Debug;
		};
		6C6ACB132CC7F0D60060CB2D /* Release */ = {
			isa = XCBuildConfiguration;
			buildSettings = {
				ALWAYS_SEARCH_USER_PATHS = NO;
				ASSETCATALOG_COMPILER_GENERATE_SWIFT_ASSET_SYMBOL_EXTENSIONS = YES;
				CLANG_ANALYZER_NONNULL = YES;
				CLANG_ANALYZER_NUMBER_OBJECT_CONVERSION = YES_AGGRESSIVE;
				CLANG_CXX_LANGUAGE_STANDARD = "gnu++20";
				CLANG_ENABLE_MODULES = YES;
				CLANG_ENABLE_OBJC_ARC = YES;
				CLANG_ENABLE_OBJC_WEAK = YES;
				CLANG_WARN_BLOCK_CAPTURE_AUTORELEASING = YES;
				CLANG_WARN_BOOL_CONVERSION = YES;
				CLANG_WARN_COMMA = YES;
				CLANG_WARN_CONSTANT_CONVERSION = YES;
				CLANG_WARN_DEPRECATED_OBJC_IMPLEMENTATIONS = YES;
				CLANG_WARN_DIRECT_OBJC_ISA_USAGE = YES_ERROR;
				CLANG_WARN_DOCUMENTATION_COMMENTS = YES;
				CLANG_WARN_EMPTY_BODY = YES;
				CLANG_WARN_ENUM_CONVERSION = YES;
				CLANG_WARN_INFINITE_RECURSION = YES;
				CLANG_WARN_INT_CONVERSION = YES;
				CLANG_WARN_NON_LITERAL_NULL_CONVERSION = YES;
				CLANG_WARN_OBJC_IMPLICIT_RETAIN_SELF = YES;
				CLANG_WARN_OBJC_LITERAL_CONVERSION = YES;
				CLANG_WARN_OBJC_ROOT_CLASS = YES_ERROR;
				CLANG_WARN_QUOTED_INCLUDE_IN_FRAMEWORK_HEADER = YES;
				CLANG_WARN_RANGE_LOOP_ANALYSIS = YES;
				CLANG_WARN_STRICT_PROTOTYPES = YES;
				CLANG_WARN_SUSPICIOUS_MOVE = YES;
				CLANG_WARN_UNGUARDED_AVAILABILITY = YES_AGGRESSIVE;
				CLANG_WARN_UNREACHABLE_CODE = YES;
				CLANG_WARN__DUPLICATE_METHOD_MATCH = YES;
				COPY_PHASE_STRIP = NO;
				DEBUG_INFORMATION_FORMAT = "dwarf-with-dsym";
				ENABLE_NS_ASSERTIONS = NO;
				ENABLE_STRICT_OBJC_MSGSEND = YES;
				ENABLE_USER_SCRIPT_SANDBOXING = YES;
				GCC_C_LANGUAGE_STANDARD = gnu17;
				GCC_NO_COMMON_BLOCKS = YES;
				GCC_WARN_64_TO_32_BIT_CONVERSION = YES;
				GCC_WARN_ABOUT_RETURN_TYPE = YES_ERROR;
				GCC_WARN_UNDECLARED_SELECTOR = YES;
				GCC_WARN_UNINITIALIZED_AUTOS = YES_AGGRESSIVE;
				GCC_WARN_UNUSED_FUNCTION = YES;
				GCC_WARN_UNUSED_VARIABLE = YES;
				IPHONEOS_DEPLOYMENT_TARGET = 18.0;
				LOCALIZATION_PREFERS_STRING_CATALOGS = YES;
				MTL_ENABLE_DEBUG_INFO = NO;
				MTL_FAST_MATH = YES;
				SDKROOT = iphoneos;
				SWIFT_COMPILATION_MODE = wholemodule;
				VALIDATE_PRODUCT = YES;
			};
			name = Release;
		};
		6C6ACB152CC7F0D60060CB2D /* Debug */ = {
			isa = XCBuildConfiguration;
			buildSettings = {
				ASSETCATALOG_COMPILER_APPICON_NAME = AppIcon;
				ASSETCATALOG_COMPILER_GLOBAL_ACCENT_COLOR_NAME = AccentColor;
				CODE_SIGN_STYLE = Automatic;
				CURRENT_PROJECT_VERSION = 1;
				DEVELOPMENT_ASSET_PATHS = "\"SwiftUIProject/Preview Content\"";
				ENABLE_PREVIEWS = YES;
				GENERATE_INFOPLIST_FILE = YES;
				INFOPLIST_KEY_UIApplicationSceneManifest_Generation = YES;
				INFOPLIST_KEY_UIApplicationSupportsIndirectInputEvents = YES;
				INFOPLIST_KEY_UILaunchScreen_Generation = YES;
				INFOPLIST_KEY_UISupportedInterfaceOrientations_iPad = "UIInterfaceOrientationPortrait UIInterfaceOrientationPortraitUpsideDown UIInterfaceOrientationLandscapeLeft UIInterfaceOrientationLandscapeRight";
				INFOPLIST_KEY_UISupportedInterfaceOrientations_iPhone = "UIInterfaceOrientationPortrait UIInterfaceOrientationLandscapeLeft UIInterfaceOrientationLandscapeRight";
				LD_RUNPATH_SEARCH_PATHS = (
					"$(inherited)",
					"@executable_path/Frameworks",
				);
				MARKETING_VERSION = 1.0;
				PRODUCT_BUNDLE_IDENTIFIER = com.countDownTimer.SwiftUIProject;
				PRODUCT_NAME = "$(TARGET_NAME)";
				SWIFT_EMIT_LOC_STRINGS = YES;
				SWIFT_VERSION = 5.0;
				TARGETED_DEVICE_FAMILY = "1,2";
			};
			name = Debug;
		};
		6C6ACB162CC7F0D60060CB2D /* Release */ = {
			isa = XCBuildConfiguration;
			buildSettings = {
				ASSETCATALOG_COMPILER_APPICON_NAME = AppIcon;
				ASSETCATALOG_COMPILER_GLOBAL_ACCENT_COLOR_NAME = AccentColor;
				CODE_SIGN_STYLE = Automatic;
				CURRENT_PROJECT_VERSION = 1;
				DEVELOPMENT_ASSET_PATHS = "\"SwiftUIProject/Preview Content\"";
				ENABLE_PREVIEWS = YES;
				GENERATE_INFOPLIST_FILE = YES;
				INFOPLIST_KEY_UIApplicationSceneManifest_Generation = YES;
				INFOPLIST_KEY_UIApplicationSupportsIndirectInputEvents = YES;
				INFOPLIST_KEY_UILaunchScreen_Generation = YES;
				INFOPLIST_KEY_UISupportedInterfaceOrientations_iPad = "UIInterfaceOrientationPortrait UIInterfaceOrientationPortraitUpsideDown UIInterfaceOrientationLandscapeLeft UIInterfaceOrientationLandscapeRight";
				INFOPLIST_KEY_UISupportedInterfaceOrientations_iPhone = "UIInterfaceOrientationPortrait UIInterfaceOrientationLandscapeLeft UIInterfaceOrientationLandscapeRight";
				LD_RUNPATH_SEARCH_PATHS = (
					"$(inherited)",
					"@executable_path/Frameworks",
				);
				MARKETING_VERSION = 1.0;
				PRODUCT_BUNDLE_IDENTIFIER = com.countDownTimer.SwiftUIProject;
				PRODUCT_NAME = "$(TARGET_NAME)";
				SWIFT_EMIT_LOC_STRINGS = YES;
				SWIFT_VERSION = 5.0;
				TARGETED_DEVICE_FAMILY = "1,2";
			};
			name = Release;
		};
		6C6ACB182CC7F0D60060CB2D /* Debug */ = {
			isa = XCBuildConfiguration;
			buildSettings = {
				BUNDLE_LOADER = "$(TEST_HOST)";
				CODE_SIGN_STYLE = Automatic;
				CURRENT_PROJECT_VERSION = 1;
				GENERATE_INFOPLIST_FILE = YES;
				IPHONEOS_DEPLOYMENT_TARGET = 18.0;
				MARKETING_VERSION = 1.0;
				PRODUCT_BUNDLE_IDENTIFIER = com.countDownTimer.SwiftUIProjectTests;
				PRODUCT_NAME = "$(TARGET_NAME)";
				SWIFT_EMIT_LOC_STRINGS = NO;
				SWIFT_VERSION = 5.0;
				TARGETED_DEVICE_FAMILY = "1,2";
				TEST_HOST = "$(BUILT_PRODUCTS_DIR)/SwiftUIProject.app/$(BUNDLE_EXECUTABLE_FOLDER_PATH)/SwiftUIProject";
			};
			name = Debug;
		};
		6C6ACB192CC7F0D60060CB2D /* Release */ = {
			isa = XCBuildConfiguration;
			buildSettings = {
				BUNDLE_LOADER = "$(TEST_HOST)";
				CODE_SIGN_STYLE = Automatic;
				CURRENT_PROJECT_VERSION = 1;
				GENERATE_INFOPLIST_FILE = YES;
				IPHONEOS_DEPLOYMENT_TARGET = 18.0;
				MARKETING_VERSION = 1.0;
				PRODUCT_BUNDLE_IDENTIFIER = com.countDownTimer.SwiftUIProjectTests;
				PRODUCT_NAME = "$(TARGET_NAME)";
				SWIFT_EMIT_LOC_STRINGS = NO;
				SWIFT_VERSION = 5.0;
				TARGETED_DEVICE_FAMILY = "1,2";
				TEST_HOST = "$(BUILT_PRODUCTS_DIR)/SwiftUIProject.app/$(BUNDLE_EXECUTABLE_FOLDER_PATH)/SwiftUIProject";
			};
			name = Release;
		};
		6C6ACB1B2CC7F0D60060CB2D /* Debug */ = {
			isa = XCBuildConfiguration;
			buildSettings = {
				CODE_SIGN_STYLE = Automatic;
				CURRENT_PROJECT_VERSION = 1;
				GENERATE_INFOPLIST_FILE = YES;
				MARKETING_VERSION = 1.0;
				PRODUCT_BUNDLE_IDENTIFIER = com.countDownTimer.SwiftUIProjectUITests;
				PRODUCT_NAME = "$(TARGET_NAME)";
				SWIFT_EMIT_LOC_STRINGS = NO;
				SWIFT_VERSION = 5.0;
				TARGETED_DEVICE_FAMILY = "1,2";
				TEST_TARGET_NAME = SwiftUIProject;
			};
			name = Debug;
		};
		6C6ACB1C2CC7F0D60060CB2D /* Release */ = {
			isa = XCBuildConfiguration;
			buildSettings = {
				CODE_SIGN_STYLE = Automatic;
				CURRENT_PROJECT_VERSION = 1;
				GENERATE_INFOPLIST_FILE = YES;
				MARKETING_VERSION = 1.0;
				PRODUCT_BUNDLE_IDENTIFIER = com.countDownTimer.SwiftUIProjectUITests;
				PRODUCT_NAME = "$(TARGET_NAME)";
				SWIFT_EMIT_LOC_STRINGS = NO;
				SWIFT_VERSION = 5.0;
				TARGETED_DEVICE_FAMILY = "1,2";
				TEST_TARGET_NAME = SwiftUIProject;
			};
			name = Release;
		};
/* End XCBuildConfiguration section */

/* Begin XCConfigurationList section */
		6C6ACAEB2CC7F0D40060CB2D /* Build configuration list for PBXProject "SwiftUIProject" */ = {
			isa = XCConfigurationList;
			buildConfigurations = (
				6C6ACB122CC7F0D60060CB2D /* Debug */,
				6C6ACB132CC7F0D60060CB2D /* Release */,
			);
			defaultConfigurationIsVisible = 0;
			defaultConfigurationName = Release;
		};
		6C6ACB142CC7F0D60060CB2D /* Build configuration list for PBXNativeTarget "SwiftUIProject" */ = {
			isa = XCConfigurationList;
			buildConfigurations = (
				6C6ACB152CC7F0D60060CB2D /* Debug */,
				6C6ACB162CC7F0D60060CB2D /* Release */,
			);
			defaultConfigurationIsVisible = 0;
			defaultConfigurationName = Release;
		};
		6C6ACB172CC7F0D60060CB2D /* Build configuration list for PBXNativeTarget "SwiftUIProjectTests" */ = {
			isa = XCConfigurationList;
			buildConfigurations = (
				6C6ACB182CC7F0D60060CB2D /* Debug */,
				6C6ACB192CC7F0D60060CB2D /* Release */,
			);
			defaultConfigurationIsVisible = 0;
			defaultConfigurationName = Release;
		};
		6C6ACB1A2CC7F0D60060CB2D /* Build configuration list for PBXNativeTarget "SwiftUIProjectUITests" */ = {
			isa = XCConfigurationList;
			buildConfigurations = (
				6C6ACB1B2CC7F0D60060CB2D /* Debug */,
				6C6ACB1C2CC7F0D60060CB2D /* Release */,
			);
			defaultConfigurationIsVisible = 0;
			defaultConfigurationName = Release;
		};
/* End XCConfigurationList section */
	};
	rootObject = 6C6ACAE82CC7F0D40060CB2D /* Project object */;
}
